
Microsoft Visual Studio Solution File, Format Version 12.00
# Visual Studio Version 17
VisualStudioVersion = 17.14.36518.9 d17.14
MinimumVisualStudioVersion = 10.0.40219.1
Project("{FAE04EC0-301F-11D3-BF4B-00C04F79EFBC}") = "FigurePiane", "FigurePiane\FigurePiane.csproj", "{7437E3DC-2C63-45AB-B06E-F1C1555300A1}"
EndProject
Global
	GlobalSection(SolutionConfigurationPlatforms) = preSolution
		Debug|Any CPU = Debug|Any CPU
		Release|Any CPU = Release|Any CPU
	EndGlobalSection
	GlobalSection(ProjectConfigurationPlatforms) = postSolution
		{7437E3DC-2C63-45AB-B06E-F1C1555300A1}.Debug|Any CPU.ActiveCfg = Debug|Any CPU
		{7437E3DC-2C63-45AB-B06E-F1C1555300A1}.Debug|Any CPU.Build.0 = Debug|Any CPU
		{7437E3DC-2C63-45AB-B06E-F1C1555300A1}.Release|Any CPU.ActiveCfg = Release|Any CPU
		{7437E3DC-2C63-45AB-B06E-F1C1555300A1}.Release|Any CPU.Build.0 = Release|Any CPU
	EndGlobalSection
	GlobalSection(SolutionProperties) = preSolution
		HideSolutionNode = FALSE
	EndGlobalSection
	GlobalSection(ExtensibilityGlobals) = postSolution
		SolutionGuid = {A38342BA-C785-4FFF-88EB-DBB3BD91F510}
	EndGlobalSection
EndGlobal
