
Microsoft Visual Studio Solution File, Format Version 12.00
# Visual Studio Version 17
VisualStudioVersion = 17.14.36518.9 d17.14
MinimumVisualStudioVersion = 10.0.40219.1
Project("{FAE04EC0-301F-11D3-BF4B-00C04F79EFBC}") = "Pizzeria_Factory", "Pizzeria_Factory\Pizzeria_Factory.csproj", "{3FEDE9D0-2887-4696-86F4-4B88C518A9FE}"
EndProject
Global
	GlobalSection(SolutionConfigurationPlatforms) = preSolution
		Debug|Any CPU = Debug|Any CPU
		Release|Any CPU = Release|Any CPU
	EndGlobalSection
	GlobalSection(ProjectConfigurationPlatforms) = postSolution
		{3FEDE9D0-2887-4696-86F4-4B88C518A9FE}.Debug|Any CPU.ActiveCfg = Debug|Any CPU
		{3FEDE9D0-2887-4696-86F4-4B88C518A9FE}.Debug|Any CPU.Build.0 = Debug|Any CPU
		{3FEDE9D0-2887-4696-86F4-4B88C518A9FE}.Release|Any CPU.ActiveCfg = Release|Any CPU
		{3FEDE9D0-2887-4696-86F4-4B88C518A9FE}.Release|Any CPU.Build.0 = Release|Any CPU
	EndGlobalSection
	GlobalSection(SolutionProperties) = preSolution
		HideSolutionNode = FALSE
	EndGlobalSection
	GlobalSection(ExtensibilityGlobals) = postSolution
		SolutionGuid = {9D2F07DF-C7C9-4BD8-8D53-2D371B67BE8A}
	EndGlobalSection
EndGlobal
