
Microsoft Visual Studio Solution File, Format Version 12.00
# Visual Studio Version 17
VisualStudioVersion = 17.14.36518.9 d17.14
MinimumVisualStudioVersion = 10.0.40219.1
Project("{FAE04EC0-301F-11D3-BF4B-00C04F79EFBC}") = "FileMultimediali", "FileMultimediali\FileMultimediali.csproj", "{BA60F0B5-7250-4633-AC0E-E2D46483D77E}"
EndProject
Global
	GlobalSection(SolutionConfigurationPlatforms) = preSolution
		Debug|Any CPU = Debug|Any CPU
		Release|Any CPU = Release|Any CPU
	EndGlobalSection
	GlobalSection(ProjectConfigurationPlatforms) = postSolution
		{BA60F0B5-7250-4633-AC0E-E2D46483D77E}.Debug|Any CPU.ActiveCfg = Debug|Any CPU
		{BA60F0B5-7250-4633-AC0E-E2D46483D77E}.Debug|Any CPU.Build.0 = Debug|Any CPU
		{BA60F0B5-7250-4633-AC0E-E2D46483D77E}.Release|Any CPU.ActiveCfg = Release|Any CPU
		{BA60F0B5-7250-4633-AC0E-E2D46483D77E}.Release|Any CPU.Build.0 = Release|Any CPU
	EndGlobalSection
	GlobalSection(SolutionProperties) = preSolution
		HideSolutionNode = FALSE
	EndGlobalSection
	GlobalSection(ExtensibilityGlobals) = postSolution
		SolutionGuid = {3E0013DB-2DD3-4626-9619-1EF99F900486}
	EndGlobalSection
EndGlobal
